// !$*UTF8*$!
{
	archiveVersion = 1;
	classes = {
	};
	objectVersion = 46;
	objects = {

/* Begin PBXBuildFile section */
		7C22BD021FF9D2480064B790 /* AppDelegate.swift in Sources */ = {isa = PBXBuildFile; fileRef = 7C22BD011FF9D2480064B790 /* AppDelegate.swift */; };
		7C22BD041FF9D2480064B790 /* ViewController.swift in Sources */ = {isa = PBXBuildFile; fileRef = 7C22BD031FF9D2480064B790 /* ViewController.swift */; };
		7C22BD071FF9D2480064B790 /* Main.storyboard in Resources */ = {isa = PBXBuildFile; fileRef = 7C22BD051FF9D2480064B790 /* Main.storyboard */; };
		7C22BD091FF9D2480064B790 /* Assets.xcassets in Resources */ = {isa = PBXBuildFile; fileRef = 7C22BD081FF9D2480064B790 /* Assets.xcassets */; };
		7C22BD0C1FF9D2480064B790 /* LaunchScreen.storyboard in Resources */ = {isa = PBXBuildFile; fileRef = 7C22BD0A1FF9D2480064B790 /* LaunchScreen.storyboard */; };
/* End PBXBuildFile section */

/* Begin PBXFileReference section */
		7C22BCFE1FF9D2480064B790 /* swift tests.app */ = {isa = PBXFileReference; explicitFileType = wrapper.application; includeInIndex = 0; path = "swift tests.app"; sourceTree = BUILT_PRODUCTS_DIR; };
		7C22BD011FF9D2480064B790 /* AppDelegate.swift */ = {isa = PBXFileReference; lastKnownFileType = sourcecode.swift; path = AppDelegate.swift; sourceTree = "<group>"; };
		7C22BD031FF9D2480064B790 /* ViewController.swift */ = {isa = PBXFileReference; lastKnownFileType = sourcecode.swift; path = ViewController.swift; sourceTree = "<group>"; };
		7C22BD061FF9D2480064B790 /* Base */ = {isa = PBXFileReference; lastKnownFileType = file.storyboard; name = Base; path = Base.lproj/Main.storyboard; sourceTree = "<group>"; };
		7C22BD081FF9D2480064B790 /* Assets.xcassets */ = {isa = PBXFileReference; lastKnownFileType = folder.assetcatalog; path = Assets.xcassets; sourceTree = "<group>"; };
		7C22BD0B1FF9D2480064B790 /* Base */ = {isa = PBXFileReference; lastKnownFileType = file.storyboard; name = Base; path = Base.lproj/LaunchScreen.storyboard; sourceTree = "<group>"; };
		7C22BD0D1FF9D2480064B790 /* Info.plist */ = {isa = PBXFileReference; lastKnownFileType = text.plist.xml; path = Info.plist; sourceTree = "<group>"; };
/* End PBXFileReference section */

/* Begin PBXFrameworksBuildPhase section */
		7C22BCFB1FF9D2480064B790 /* Frameworks */ = {
			isa = PBXFrameworksBuildPhase;
			buildActionMask = 2147483647;
			files = (
			);
			runOnlyForDeploymentPostprocessing = 0;
		};
/* End PBXFrameworksBuildPhase section */

/* Begin PBXGroup section */
		7C22BCF51FF9D2480064B790 = {
			isa = PBXGroup;
			children = (
				7C22BD001FF9D2480064B790 /* swift tests */,
				7C22BCFF1FF9D2480064B790 /* Products */,
			);
			sourceTree = "<group>";
		};
		7C22BCFF1FF9D2480064B790 /* Products */ = {
			isa = PBXGroup;
			children = (
				7C22BCFE1FF9D2480064B790 /* swift tests.app */,
			);
			name = Products;
			sourceTree = "<group>";
		};
		7C22BD001FF9D2480064B790 /* swift tests */ = {
			isa = PBXGroup;
			children = (
				7C22BD011FF9D2480064B790 /* AppDelegate.swift */,
				7C22BD031FF9D2480064B790 /* ViewController.swift */,
				7C22BD051FF9D2480064B790 /* Main.storyboard */,
				7C22BD081FF9D2480064B790 /* Assets.xcassets */,
				7C22BD0A1FF9D2480064B790 /* LaunchScreen.storyboard */,
				7C22BD0D1FF9D2480064B790 /* Info.plist */,
			);
			path = "swift tests";
			sourceTree = "<group>";
		};
/* End PBXGroup section */

/* Begin PBXNativeTarget section */
		7C22BCFD1FF9D2480064B790 /* swift tests */ = {
			isa = PBXNativeTarget;
			buildConfigurationList = 7C22BD101FF9D2480064B790 /* Build configuration list for PBXNativeTarget "swift tests" */;
			buildPhases = (
				7C22BCFA1FF9D2480064B790 /* Sources */,
				7C22BCFB1FF9D2480064B790 /* Frameworks */,
				7C22BCFC1FF9D2480064B790 /* Resources */,
			);
			buildRules = (
			);
			dependencies = (
			);
			name = "swift tests";
			productName = "swift tests";
			productReference = 7C22BCFE1FF9D2480064B790 /* swift tests.app */;
			productType = "com.apple.product-type.application";
		};
/* End PBXNativeTarget section */

/* Begin PBXProject section */
		7C22BCF61FF9D2480064B790 /* Project object */ = {
			isa = PBXProject;
			attributes = {
				LastSwiftUpdateCheck = 0830;
				LastUpgradeCheck = 0830;
				ORGANIZATIONNAME = "Pranav Patil";
				TargetAttributes = {
					7C22BCFD1FF9D2480064B790 = {
						CreatedOnToolsVersion = 8.3.3;
						DevelopmentTeam = 8NB544E986;
						ProvisioningStyle = Automatic;
					};
				};
			};
			buildConfigurationList = 7C22BCF91FF9D2480064B790 /* Build configuration list for PBXProject "swift tests" */;
			compatibilityVersion = "Xcode 3.2";
			developmentRegion = English;
			hasScannedForEncodings = 0;
			knownRegions = (
				en,
				Base,
			);
			mainGroup = 7C22BCF51FF9D2480064B790;
			productRefGroup = 7C22BCFF1FF9D2480064B790 /* Products */;
			projectDirPath = "";
			projectRoot = "";
			targets = (
				7C22BCFD1FF9D2480064B790 /* swift tests */,
			);
		};
/* End PBXProject section */

/* Begin PBXResourcesBuildPhase section */
		7C22BCFC1FF9D2480064B790 /* Resources */ = {
			isa = PBXResourcesBuildPhase;
			buildActionMask = 2147483647;
			files = (
				7C22BD0C1FF9D2480064B790 /* LaunchScreen.storyboard in Resources */,
				7C22BD091FF9D2480064B790 /* Assets.xcassets in Resources */,
				7C22BD071FF9D2480064B790 /* Main.storyboard in Resources */,
			);
			runOnlyForDeploymentPostprocessing = 0;
		};
/* End PBXResourcesBuildPhase section */

/* Begin PBXSourcesBuildPhase section */
		7C22BCFA1FF9D2480064B790 /* Sources */ = {
			isa = PBXSourcesBuildPhase;
			buildActionMask = 2147483647;
			files = (
				7C22BD041FF9D2480064B790 /* ViewController.swift in Sources */,
				7C22BD021FF9D2480064B790 /* AppDelegate.swift in Sources */,
			);
			runOnlyForDeploymentPostprocessing = 0;
		};
/* End PBXSourcesBuildPhase section */

/* Begin PBXVariantGroup section */
		7C22BD051FF9D2480064B790 /* Main.storyboard */ = {
			isa = PBXVariantGroup;
			children = (
				7C22BD061FF9D2480064B790 /* Base */,
			);
			name = Main.storyboard;
			sourceTree = "<group>";
		};
		7C22BD0A1FF9D2480064B790 /* LaunchScreen.storyboard */ = {
			isa = PBXVariantGroup;
			children = (
				7C22BD0B1FF9D2480064B790 /* Base */,
			);
			name = LaunchScreen.storyboard;
			sourceTree = "<group>";
		};
/* End PBXVariantGroup section */

/* Begin XCBuildConfiguration section */
		7C22BD0E1FF9D2480064B790 /* Debug */ = {
			isa = XCBuildConfiguration;
			buildSettings = {
				ALWAYS_SEARCH_USER_PATHS = NO;
				CLANG_ANALYZER_NONNULL = YES;
				CLANG_ANALYZER_NUMBER_OBJECT_CONVERSION = YES_AGGRESSIVE;
				CLANG_CXX_LANGUAGE_STANDARD = "gnu++0x";
				CLANG_CXX_LIBRARY = "libc++";
				CLANG_ENABLE_MODULES = YES;
				CLANG_ENABLE_OBJC_ARC = YES;
				CLANG_WARN_BOOL_CONVERSION = YES;
				CLANG_WARN_CONSTANT_CONVERSION = YES;
				CLANG_WARN_DIRECT_OBJC_ISA_USAGE = YES_ERROR;
				CLANG_WARN_DOCUMENTATION_COMMENTS = YES;
				CLANG_WARN_EMPTY_BODY = YES;
				CLANG_WARN_ENUM_CONVERSION = YES;
				CLANG_WARN_INFINITE_RECURSION = YES;
				CLANG_WARN_INT_CONVERSION = YES;
				CLANG_WARN_OBJC_ROOT_CLASS = YES_ERROR;
				CLANG_WARN_SUSPICIOUS_MOVE = YES;
				CLANG_WARN_UNREACHABLE_CODE = YES;
				CLANG_WARN__DUPLICATE_METHOD_MATCH = YES;
				"CODE_SIGN_IDENTITY[sdk=iphoneos*]" = "iPhone Developer";
				COPY_PHASE_STRIP = NO;
				DEBUG_INFORMATION_FORMAT = dwarf;
				ENABLE_STRICT_OBJC_MSGSEND = YES;
				ENABLE_TESTABILITY = YES;
				GCC_C_LANGUAGE_STANDARD = gnu99;
				GCC_DYNAMIC_NO_PIC = NO;
				GCC_NO_COMMON_BLOCKS = YES;
				GCC_OPTIMIZATION_LEVEL = 0;
				GCC_PREPROCESSOR_DEFINITIONS = (
					"DEBUG=1",
					"$(inherited)",
				);
				GCC_WARN_64_TO_32_BIT_CONVERSION = YES;
				GCC_WARN_ABOUT_RETURN_TYPE = YES_ERROR;
				GCC_WARN_UNDECLARED_SELECTOR = YES;
				GCC_WARN_UNINITIALIZED_AUTOS = YES_AGGRESSIVE;
				GCC_WARN_UNUSED_FUNCTION = YES;
				GCC_WARN_UNUSED_VARIABLE = YES;
				IPHONEOS_DEPLOYMENT_TARGET = 10.3;
				MTL_ENABLE_DEBUG_INFO = YES;
				ONLY_ACTIVE_ARCH = YES;
				SDKROOT = iphoneos;
				SWIFT_ACTIVE_COMPILATION_CONDITIONS = DEBUG;
				SWIFT_OPTIMIZATION_LEVEL = "-Onone";
				TARGETED_DEVICE_FAMILY = "1,2";
			};
			name = Debug;
		};
		7C22BD0F1FF9D2480064B790 /* Release */ = {
			isa = XCBuildConfiguration;
			buildSettings = {
				ALWAYS_SEARCH_USER_PATHS = NO;
				CLANG_ANALYZER_NONNULL = YES;
				CLANG_ANALYZER_NUMBER_OBJECT_CONVERSION = YES_AGGRESSIVE;
				CLANG_CXX_LANGUAGE_STANDARD = "gnu++0x";
				CLANG_CXX_LIBRARY = "libc++";
				CLANG_ENABLE_MODULES = YES;
				CLANG_ENABLE_OBJC_ARC = YES;
				CLANG_WARN_BOOL_CONVERSION = YES;
				CLANG_WARN_CONSTANT_CONVERSION = YES;
				CLANG_WARN_DIRECT_OBJC_ISA_USAGE = YES_ERROR;
				CLANG_WARN_DOCUMENTATION_COMMENTS = YES;
				CLANG_WARN_EMPTY_BODY = YES;
				CLANG_WARN_ENUM_CONVERSION = YES;
				CLANG_WARN_INFINITE_RECURSION = YES;
				CLANG_WARN_INT_CONVERSION = YES;
				CLANG_WARN_OBJC_ROOT_CLASS = YES_ERROR;
				CLANG_WARN_SUSPICIOUS_MOVE = YES;
				CLANG_WARN_UNREACHABLE_CODE = YES;
				CLANG_WARN__DUPLICATE_METHOD_MATCH = YES;
				"CODE_SIGN_IDENTITY[sdk=iphoneos*]" = "iPhone Developer";
				COPY_PHASE_STRIP = NO;
				DEBUG_INFORMATION_FORMAT = "dwarf-with-dsym";
				ENABLE_NS_ASSERTIONS = NO;
				ENABLE_STRICT_OBJC_MSGSEND = YES;
				GCC_C_LANGUAGE_STANDARD = gnu99;
				GCC_NO_COMMON_BLOCKS = YES;
				GCC_WARN_64_TO_32_BIT_CONVERSION = YES;
				GCC_WARN_ABOUT_RETURN_TYPE = YES_ERROR;
				GCC_WARN_UNDECLARED_SELECTOR = YES;
				GCC_WARN_UNINITIALIZED_AUTOS = YES_AGGRESSIVE;
				GCC_WARN_UNUSED_FUNCTION = YES;
				GCC_WARN_UNUSED_VARIABLE = YES;
				IPHONEOS_DEPLOYMENT_TARGET = 10.3;
				MTL_ENABLE_DEBUG_INFO = NO;
				SDKROOT = iphoneos;
				SWIFT_OPTIMIZATION_LEVEL = "-Owholemodule";
				TARGETED_DEVICE_FAMILY = "1,2";
				VALIDATE_PRODUCT = YES;
			};
			name = Release;
		};
		7C22BD111FF9D2480064B790 /* Debug */ = {
			isa = XCBuildConfiguration;
			buildSettings = {
				ASSETCATALOG_COMPILER_APPICON_NAME = AppIcon;
				DEVELOPMENT_TEAM = 8NB544E986;
				INFOPLIST_FILE = "swift tests/Info.plist";
				LD_RUNPATH_SEARCH_PATHS = "$(inherited) @executable_path/Frameworks";
				PRODUCT_BUNDLE_IDENTIFIER = "com.pranavpatil.swift-tests";
				PRODUCT_NAME = "$(TARGET_NAME)";
				SWIFT_VERSION = 3.0;
			};
			name = Debug;
		};
		7C22BD121FF9D2480064B790 /* Release */ = {
			isa = XCBuildConfiguration;
			buildSettings = {
				ASSETCATALOG_COMPILER_APPICON_NAME = AppIcon;
				DEVELOPMENT_TEAM = 8NB544E986;
				INFOPLIST_FILE = "swift tests/Info.plist";
				LD_RUNPATH_SEARCH_PATHS = "$(inherited) @executable_path/Frameworks";
				PRODUCT_BUNDLE_IDENTIFIER = "com.pranavpatil.swift-tests";
				PRODUCT_NAME = "$(TARGET_NAME)";
				SWIFT_VERSION = 3.0;
			};
			name = Release;
		};
/* End XCBuildConfiguration section */

/* Begin XCConfigurationList section */
		7C22BCF91FF9D2480064B790 /* Build configuration list for PBXProject "swift tests" */ = {
			isa = XCConfigurationList;
			buildConfigurations = (
				7C22BD0E1FF9D2480064B790 /* Debug */,
				7C22BD0F1FF9D2480064B790 /* Release */,
			);
			defaultConfigurationIsVisible = 0;
			defaultConfigurationName = Release;
		};
		7C22BD101FF9D2480064B790 /* Build configuration list for PBXNativeTarget "swift tests" */ = {
			isa = XCConfigurationList;
			buildConfigurations = (
				7C22BD111FF9D2480064B790 /* Debug */,
				7C22BD121FF9D2480064B790 /* Release */,
			);
			defaultConfigurationIsVisible = 0;
		};
/* End XCConfigurationList section */
	};
	rootObject = 7C22BCF61FF9D2480064B790 /* Project object */;
}
